Microsoft Visual Studio Solution File, Format Version 7.00
Project("{54435603-DBB4-11D2-8724-00A0C9A8B90C}") = "StrategoInstaller", "StrategoInstaller.vdproj", "{5AA1F7D4-5567-4495-A677-E7325EE9DE6D}"
EndProject
Global
	GlobalSection(SolutionConfiguration) = preSolution
		ConfigName.0 = Debug
		ConfigName.1 = Release
	EndGlobalSection
	GlobalSection(ProjectDependencies) = postSolution
	EndGlobalSection
	GlobalSection(ProjectConfiguration) = postSolution
		{5AA1F7D4-5567-4495-A677-E7325EE9DE6D}.Debug.ActiveCfg = Debug
		{5AA1F7D4-5567-4495-A677-E7325EE9DE6D}.Debug.Build.0 = Debug
		{5AA1F7D4-5567-4495-A677-E7325EE9DE6D}.Release.ActiveCfg = Release
		{5AA1F7D4-5567-4495-A677-E7325EE9DE6D}.Release.Build.0 = Release
	EndGlobalSection
	GlobalSection(ExtensibilityGlobals) = postSolution
	EndGlobalSection
	GlobalSection(ExtensibilityAddIns) = postSolution
	EndGlobalSection
EndGlobal
